
Microsoft Visual Studio Solution File, Format Version 12.00
# Visual Studio Version 17
VisualStudioVersion = 17.6.33829.357
MinimumVisualStudioVersion = 10.0.40219.1
Project("{FAE04EC0-301F-11D3-BF4B-00C04F79EFBC}") = "AdventureGame", "AdventureGame\AdventureGame.csproj", "{3CF1546C-EDB9-4EB5-8575-D2683DAC5079}"
EndProject
Global
	GlobalSection(SolutionConfigurationPlatforms) = preSolution
		Debug|Any CPU = Debug|Any CPU
		Release|Any CPU = Release|Any CPU
	EndGlobalSection
	GlobalSection(ProjectConfigurationPlatforms) = postSolution
		{3CF1546C-EDB9-4EB5-8575-D2683DAC5079}.Debug|Any CPU.ActiveCfg = Debug|Any CPU
		{3CF1546C-EDB9-4EB5-8575-D2683DAC5079}.Debug|Any CPU.Build.0 = Debug|Any CPU
		{3CF1546C-EDB9-4EB5-8575-D2683DAC5079}.Release|Any CPU.ActiveCfg = Release|Any CPU
		{3CF1546C-EDB9-4EB5-8575-D2683DAC5079}.Release|Any CPU.Build.0 = Release|Any CPU
	EndGlobalSection
	GlobalSection(SolutionProperties) = preSolution
		HideSolutionNode = FALSE
	EndGlobalSection
	GlobalSection(ExtensibilityGlobals) = postSolution
		SolutionGuid = {FD242578-FF76-4FD1-857B-D10A8450F5D0}
	EndGlobalSection
EndGlobal
